<?xml version="1.0" encoding="UTF-8"?>
<CodeBlocks_project_file>
	<FileVersion major="1" minor="6"/>
	<Project>
		<Option title="CMake_Demo_Mac"/>
		<Option makefile_is_custom="1"/>
		<Option compiler="gcc"/>
		<Option virtualFolders="CMake Files\;CMake Files\..\;CMake Files\..\..\;CMake Files\..\..\..\;CMake Files\..\..\..\..\;CMake Files\..\..\..\..\usr\;CMake Files\..\..\..\..\usr\local\;CMake Files\..\..\..\..\usr\local\lib\;CMake Files\..\..\..\..\usr\local\lib\cmake\;CMake Files\..\..\..\..\usr\local\lib\cmake\SDL2\;"/>
		<Build>
			<Target title="all">
				<Option working_dir="/Users/dimafilipenko/CLionProjects/lb3"/>
				<Option type="4"/>
				<MakeCommands>
					<Build command="/usr/bin/make -f &quot;/Users/dimafilipenko/CLionProjects/lb3/Makefile&quot;  VERBOSE=1 all"/>
					<CompileFile command="/usr/bin/make -f &quot;/Users/dimafilipenko/CLionProjects/lb3/Makefile&quot;  VERBOSE=1 &quot;$file&quot;"/>
					<Clean command="/usr/bin/make -f &quot;/Users/dimafilipenko/CLionProjects/lb3/Makefile&quot;  VERBOSE=1 clean"/>
					<DistClean command="/usr/bin/make -f &quot;/Users/dimafilipenko/CLionProjects/lb3/Makefile&quot;  VERBOSE=1 clean"/>
				</MakeCommands>
			</Target>
			<Target title="rebuild_cache">
				<Option working_dir="/Users/dimafilipenko/CLionProjects/lb3"/>
				<Option type="4"/>
				<MakeCommands>
					<Build command="/usr/bin/make -f &quot;/Users/dimafilipenko/CLionProjects/lb3/Makefile&quot;  VERBOSE=1 rebuild_cache"/>
					<CompileFile command="/usr/bin/make -f &quot;/Users/dimafilipenko/CLionProjects/lb3/Makefile&quot;  VERBOSE=1 &quot;$file&quot;"/>
					<Clean command="/usr/bin/make -f &quot;/Users/dimafilipenko/CLionProjects/lb3/Makefile&quot;  VERBOSE=1 clean"/>
					<DistClean command="/usr/bin/make -f &quot;/Users/dimafilipenko/CLionProjects/lb3/Makefile&quot;  VERBOSE=1 clean"/>
				</MakeCommands>
			</Target>
			<Target title="edit_cache">
				<Option working_dir="/Users/dimafilipenko/CLionProjects/lb3"/>
				<Option type="4"/>
				<MakeCommands>
					<Build command="/usr/bin/make -f &quot;/Users/dimafilipenko/CLionProjects/lb3/Makefile&quot;  VERBOSE=1 edit_cache"/>
					<CompileFile command="/usr/bin/make -f &quot;/Users/dimafilipenko/CLionProjects/lb3/Makefile&quot;  VERBOSE=1 &quot;$file&quot;"/>
					<Clean command="/usr/bin/make -f &quot;/Users/dimafilipenko/CLionProjects/lb3/Makefile&quot;  VERBOSE=1 clean"/>
					<DistClean command="/usr/bin/make -f &quot;/Users/dimafilipenko/CLionProjects/lb3/Makefile&quot;  VERBOSE=1 clean"/>
				</MakeCommands>
			</Target>
			<Target title="CMake_Demo_Mac">
				<Option output="/Users/dimafilipenko/CLionProjects/lb3/CMake_Demo_Mac" prefix_auto="0" extension_auto="0"/>
				<Option working_dir=""/>
				<Option object_output="./"/>
				<Option type="1"/>
				<Option compiler="gcc"/>
				<Compiler>
					<Add directory="/usr/local/Cellar/sdl2/2.0.14_1/include/SDL2"/>
				</Compiler>
				<MakeCommands>
					<Build command="/usr/bin/make -f &quot;/Users/dimafilipenko/CLionProjects/lb3/Makefile&quot;  VERBOSE=1 CMake_Demo_Mac"/>
					<CompileFile command="/usr/bin/make -f &quot;/Users/dimafilipenko/CLionProjects/lb3/Makefile&quot;  VERBOSE=1 &quot;$file&quot;"/>
					<Clean command="/usr/bin/make -f &quot;/Users/dimafilipenko/CLionProjects/lb3/Makefile&quot;  VERBOSE=1 clean"/>
					<DistClean command="/usr/bin/make -f &quot;/Users/dimafilipenko/CLionProjects/lb3/Makefile&quot;  VERBOSE=1 clean"/>
				</MakeCommands>
			</Target>
			<Target title="CMake_Demo_Mac/fast">
				<Option output="/Users/dimafilipenko/CLionProjects/lb3/CMake_Demo_Mac" prefix_auto="0" extension_auto="0"/>
				<Option working_dir=""/>
				<Option object_output="./"/>
				<Option type="1"/>
				<Option compiler="gcc"/>
				<Compiler>
					<Add directory="/usr/local/Cellar/sdl2/2.0.14_1/include/SDL2"/>
				</Compiler>
				<MakeCommands>
					<Build command="/usr/bin/make -f &quot;/Users/dimafilipenko/CLionProjects/lb3/Makefile&quot;  VERBOSE=1 CMake_Demo_Mac/fast"/>
					<CompileFile command="/usr/bin/make -f &quot;/Users/dimafilipenko/CLionProjects/lb3/Makefile&quot;  VERBOSE=1 &quot;$file&quot;"/>
					<Clean command="/usr/bin/make -f &quot;/Users/dimafilipenko/CLionProjects/lb3/Makefile&quot;  VERBOSE=1 clean"/>
					<DistClean command="/usr/bin/make -f &quot;/Users/dimafilipenko/CLionProjects/lb3/Makefile&quot;  VERBOSE=1 clean"/>
				</MakeCommands>
			</Target>
		</Build>
		<Unit filename="/Users/dimafilipenko/CLionProjects/lb3/main.cpp">
			<Option target="CMake_Demo_Mac"/>
		</Unit>
		<Unit filename="/Users/dimafilipenko/CLionProjects/lb3/system.cpp">
			<Option target="CMake_Demo_Mac"/>
		</Unit>
		<Unit filename="/Users/dimafilipenko/CLionProjects/lb3/system.h">
			<Option target="CMake_Demo_Mac"/>
		</Unit>
		<Unit filename="/Users/dimafilipenko/CLionProjects/lb3/CMakeLists.txt">
			<Option virtualFolder="CMake Files\"/>
		</Unit>
		<Unit filename="/Users/dimafilipenko/CLionProjects/lb3/../../../../usr/local/lib/cmake/SDL2/sdl2-config-version.cmake">
			<Option virtualFolder="CMake Files\..\..\..\..\usr\local\lib\cmake\SDL2\"/>
		</Unit>
		<Unit filename="/Users/dimafilipenko/CLionProjects/lb3/../../../../usr/local/lib/cmake/SDL2/sdl2-config.cmake">
			<Option virtualFolder="CMake Files\..\..\..\..\usr\local\lib\cmake\SDL2\"/>
		</Unit>
	</Project>
</CodeBlocks_project_file>
